
Microsoft Visual Studio Solution File, Format Version 12.00
# Visual Studio Version 16
VisualStudioVersion = 16.0.31005.135
MinimumVisualStudioVersion = 10.0.40219.1
Project("{FAE04EC0-301F-11D3-BF4B-00C04F79EFBC}") = "AndroidAlarms.Android", "AndroidAlarms\AndroidAlarms.Android\AndroidAlarms.Android.csproj", "{97DB7230-3A0E-4145-B9F9-80F974114D0E}"
EndProject
Project("{FAE04EC0-301F-11D3-BF4B-00C04F79EFBC}") = "AndroidAlarms", "AndroidAlarms\AndroidAlarms\AndroidAlarms.csproj", "{6F6E61DB-4056-4054-AEE3-A4F0653CC66A}"
EndProject
Global
	GlobalSection(SolutionConfigurationPlatforms) = preSolution
		Debug|Any CPU = Debug|Any CPU
		Debug|iPhone = Debug|iPhone
		Debug|iPhoneSimulator = Debug|iPhoneSimulator
		Release|Any CPU = Release|Any CPU
		Release|iPhone = Release|iPhone
		Release|iPhoneSimulator = Release|iPhoneSimulator
	EndGlobalSection
	GlobalSection(ProjectConfigurationPlatforms) = postSolution
		{97DB7230-3A0E-4145-B9F9-80F974114D0E}.Debug|Any CPU.ActiveCfg = Debug|Any CPU
		{97DB7230-3A0E-4145-B9F9-80F974114D0E}.Debug|Any CPU.Build.0 = Debug|Any CPU
		{97DB7230-3A0E-4145-B9F9-80F974114D0E}.Debug|Any CPU.Deploy.0 = Debug|Any CPU
		{97DB7230-3A0E-4145-B9F9-80F974114D0E}.Debug|iPhone.ActiveCfg = Debug|Any CPU
		{97DB7230-3A0E-4145-B9F9-80F974114D0E}.Debug|iPhone.Build.0 = Debug|Any CPU
		{97DB7230-3A0E-4145-B9F9-80F974114D0E}.Debug|iPhone.Deploy.0 = Debug|Any CPU
		{97DB7230-3A0E-4145-B9F9-80F974114D0E}.Debug|iPhoneSimulator.ActiveCfg = Debug|Any CPU
		{97DB7230-3A0E-4145-B9F9-80F974114D0E}.Debug|iPhoneSimulator.Build.0 = Debug|Any CPU
		{97DB7230-3A0E-4145-B9F9-80F974114D0E}.Debug|iPhoneSimulator.Deploy.0 = Debug|Any CPU
		{97DB7230-3A0E-4145-B9F9-80F974114D0E}.Release|Any CPU.ActiveCfg = Release|Any CPU
		{97DB7230-3A0E-4145-B9F9-80F974114D0E}.Release|Any CPU.Build.0 = Release|Any CPU
		{97DB7230-3A0E-4145-B9F9-80F974114D0E}.Release|Any CPU.Deploy.0 = Release|Any CPU
		{97DB7230-3A0E-4145-B9F9-80F974114D0E}.Release|iPhone.ActiveCfg = Release|Any CPU
		{97DB7230-3A0E-4145-B9F9-80F974114D0E}.Release|iPhone.Build.0 = Release|Any CPU
		{97DB7230-3A0E-4145-B9F9-80F974114D0E}.Release|iPhone.Deploy.0 = Release|Any CPU
		{97DB7230-3A0E-4145-B9F9-80F974114D0E}.Release|iPhoneSimulator.ActiveCfg = Release|Any CPU
		{97DB7230-3A0E-4145-B9F9-80F974114D0E}.Release|iPhoneSimulator.Build.0 = Release|Any CPU
		{97DB7230-3A0E-4145-B9F9-80F974114D0E}.Release|iPhoneSimulator.Deploy.0 = Release|Any CPU
		{6F6E61DB-4056-4054-AEE3-A4F0653CC66A}.Debug|Any CPU.ActiveCfg = Debug|Any CPU
		{6F6E61DB-4056-4054-AEE3-A4F0653CC66A}.Debug|Any CPU.Build.0 = Debug|Any CPU
		{6F6E61DB-4056-4054-AEE3-A4F0653CC66A}.Debug|Any CPU.Deploy.0 = Debug|Any CPU
		{6F6E61DB-4056-4054-AEE3-A4F0653CC66A}.Debug|iPhone.ActiveCfg = Debug|Any CPU
		{6F6E61DB-4056-4054-AEE3-A4F0653CC66A}.Debug|iPhone.Build.0 = Debug|Any CPU
		{6F6E61DB-4056-4054-AEE3-A4F0653CC66A}.Debug|iPhone.Deploy.0 = Debug|Any CPU
		{6F6E61DB-4056-4054-AEE3-A4F0653CC66A}.Debug|iPhoneSimulator.ActiveCfg = Debug|Any CPU
		{6F6E61DB-4056-4054-AEE3-A4F0653CC66A}.Debug|iPhoneSimulator.Build.0 = Debug|Any CPU
		{6F6E61DB-4056-4054-AEE3-A4F0653CC66A}.Debug|iPhoneSimulator.Deploy.0 = Debug|Any CPU
		{6F6E61DB-4056-4054-AEE3-A4F0653CC66A}.Release|Any CPU.ActiveCfg = Release|Any CPU
		{6F6E61DB-4056-4054-AEE3-A4F0653CC66A}.Release|Any CPU.Build.0 = Release|Any CPU
		{6F6E61DB-4056-4054-AEE3-A4F0653CC66A}.Release|Any CPU.Deploy.0 = Release|Any CPU
		{6F6E61DB-4056-4054-AEE3-A4F0653CC66A}.Release|iPhone.ActiveCfg = Release|Any CPU
		{6F6E61DB-4056-4054-AEE3-A4F0653CC66A}.Release|iPhone.Build.0 = Release|Any CPU
		{6F6E61DB-4056-4054-AEE3-A4F0653CC66A}.Release|iPhone.Deploy.0 = Release|Any CPU
		{6F6E61DB-4056-4054-AEE3-A4F0653CC66A}.Release|iPhoneSimulator.ActiveCfg = Release|Any CPU
		{6F6E61DB-4056-4054-AEE3-A4F0653CC66A}.Release|iPhoneSimulator.Build.0 = Release|Any CPU
		{6F6E61DB-4056-4054-AEE3-A4F0653CC66A}.Release|iPhoneSimulator.Deploy.0 = Release|Any CPU
	EndGlobalSection
	GlobalSection(SolutionProperties) = preSolution
		HideSolutionNode = FALSE
	EndGlobalSection
	GlobalSection(ExtensibilityGlobals) = postSolution
		SolutionGuid = {068E6D69-166C-4C92-B153-5A141BDB4F4C}
	EndGlobalSection
EndGlobal
